
Microsoft Visual Studio Solution File, Format Version 12.00
# Visual Studio Version 17
VisualStudioVersion = 17.0.31903.59
MinimumVisualStudioVersion = 10.0.40219.1
Project("{2150E333-8FDC-42A3-9474-1A3956D46DE8}") = "src", "src", "{B4844BC0-D1CC-45C9-A85B-33F0D061A985}"
EndProject
Project("{FAE04EC0-301F-11D3-BF4B-00C04F79EFBC}") = "SmartLearn.Domain", "src\SmartLearn.Domain\SmartLearn.Domain.csproj", "{754EFEA4-0EAA-4995-9250-0D8CB649AA8C}"
EndProject
Project("{FAE04EC0-301F-11D3-BF4B-00C04F79EFBC}") = "SmartLearn.Application", "src\SmartLearn.Application\SmartLearn.Application.csproj", "{DD81E31D-416A-435F-8EC1-C7A7056A0A01}"
EndProject
Project("{FAE04EC0-301F-11D3-BF4B-00C04F79EFBC}") = "SmartLearn.Infrastructure", "src\SmartLearn.Infrastructure\SmartLearn.Infrastructure.csproj", "{D9D3A99F-8276-46BA-A54B-D79F39ABDC82}"
EndProject
Project("{FAE04EC0-301F-11D3-BF4B-00C04F79EFBC}") = "SmartLearn.API", "src\SmartLearn.API\SmartLearn.API.csproj", "{502A78F3-C3F3-4ACB-AC84-C7503616659D}"
EndProject
Project("{FAE04EC0-301F-11D3-BF4B-00C04F79EFBC}") = "SmartLearn.Blazor", "src\SmartLearn.Blazor\SmartLearn.Blazor.csproj", "{2F5C31AC-49C6-49A9-9BFA-19803F0D5B9C}"
EndProject
Project("{FAE04EC0-301F-11D3-BF4B-00C04F79EFBC}") = "SmartLearn.Tests", "src\SmartLearn.Tests\SmartLearn.Tests.csproj", "{75FE5B9B-8D23-4B90-9092-90426225A8AA}"
EndProject
Global
	GlobalSection(SolutionConfigurationPlatforms) = preSolution
		Debug|Any CPU = Debug|Any CPU
		Release|Any CPU = Release|Any CPU
	EndGlobalSection
	GlobalSection(SolutionProperties) = preSolution
		HideSolutionNode = FALSE
	EndGlobalSection
	GlobalSection(ProjectConfigurationPlatforms) = postSolution
		{754EFEA4-0EAA-4995-9250-0D8CB649AA8C}.Debug|Any CPU.ActiveCfg = Debug|Any CPU
		{754EFEA4-0EAA-4995-9250-0D8CB649AA8C}.Debug|Any CPU.Build.0 = Debug|Any CPU
		{754EFEA4-0EAA-4995-9250-0D8CB649AA8C}.Release|Any CPU.ActiveCfg = Release|Any CPU
		{754EFEA4-0EAA-4995-9250-0D8CB649AA8C}.Release|Any CPU.Build.0 = Release|Any CPU
		{DD81E31D-416A-435F-8EC1-C7A7056A0A01}.Debug|Any CPU.ActiveCfg = Debug|Any CPU
		{DD81E31D-416A-435F-8EC1-C7A7056A0A01}.Debug|Any CPU.Build.0 = Debug|Any CPU
		{DD81E31D-416A-435F-8EC1-C7A7056A0A01}.Release|Any CPU.ActiveCfg = Release|Any CPU
		{DD81E31D-416A-435F-8EC1-C7A7056A0A01}.Release|Any CPU.Build.0 = Release|Any CPU
		{D9D3A99F-8276-46BA-A54B-D79F39ABDC82}.Debug|Any CPU.ActiveCfg = Debug|Any CPU
		{D9D3A99F-8276-46BA-A54B-D79F39ABDC82}.Debug|Any CPU.Build.0 = Debug|Any CPU
		{D9D3A99F-8276-46BA-A54B-D79F39ABDC82}.Release|Any CPU.ActiveCfg = Release|Any CPU
		{D9D3A99F-8276-46BA-A54B-D79F39ABDC82}.Release|Any CPU.Build.0 = Release|Any CPU
		{502A78F3-C3F3-4ACB-AC84-C7503616659D}.Debug|Any CPU.ActiveCfg = Debug|Any CPU
		{502A78F3-C3F3-4ACB-AC84-C7503616659D}.Debug|Any CPU.Build.0 = Debug|Any CPU
		{502A78F3-C3F3-4ACB-AC84-C7503616659D}.Release|Any CPU.ActiveCfg = Release|Any CPU
		{502A78F3-C3F3-4ACB-AC84-C7503616659D}.Release|Any CPU.Build.0 = Release|Any CPU
		{2F5C31AC-49C6-49A9-9BFA-19803F0D5B9C}.Debug|Any CPU.ActiveCfg = Debug|Any CPU
		{2F5C31AC-49C6-49A9-9BFA-19803F0D5B9C}.Debug|Any CPU.Build.0 = Debug|Any CPU
		{2F5C31AC-49C6-49A9-9BFA-19803F0D5B9C}.Release|Any CPU.ActiveCfg = Release|Any CPU
		{2F5C31AC-49C6-49A9-9BFA-19803F0D5B9C}.Release|Any CPU.Build.0 = Release|Any CPU
		{75FE5B9B-8D23-4B90-9092-90426225A8AA}.Debug|Any CPU.ActiveCfg = Debug|Any CPU
		{75FE5B9B-8D23-4B90-9092-90426225A8AA}.Debug|Any CPU.Build.0 = Debug|Any CPU
		{75FE5B9B-8D23-4B90-9092-90426225A8AA}.Release|Any CPU.ActiveCfg = Release|Any CPU
		{75FE5B9B-8D23-4B90-9092-90426225A8AA}.Release|Any CPU.Build.0 = Release|Any CPU
	EndGlobalSection
	GlobalSection(NestedProjects) = preSolution
		{754EFEA4-0EAA-4995-9250-0D8CB649AA8C} = {B4844BC0-D1CC-45C9-A85B-33F0D061A985}
		{DD81E31D-416A-435F-8EC1-C7A7056A0A01} = {B4844BC0-D1CC-45C9-A85B-33F0D061A985}
		{D9D3A99F-8276-46BA-A54B-D79F39ABDC82} = {B4844BC0-D1CC-45C9-A85B-33F0D061A985}
		{502A78F3-C3F3-4ACB-AC84-C7503616659D} = {B4844BC0-D1CC-45C9-A85B-33F0D061A985}
		{2F5C31AC-49C6-49A9-9BFA-19803F0D5B9C} = {B4844BC0-D1CC-45C9-A85B-33F0D061A985}
		{75FE5B9B-8D23-4B90-9092-90426225A8AA} = {B4844BC0-D1CC-45C9-A85B-33F0D061A985}
	EndGlobalSection
EndGlobal
